// !$*UTF8*$!
{
	archiveVersion = 1;
	classes = {
	};
	objectVersion = 51;
	objects = {

/* Begin PBXBuildFile section */
		40312855283E6C43D8579069 /* Pods_Scan_Swift.framework in Frameworks */ = {isa = PBXBuildFile; fileRef = 6294EADD0C7DB8256E6F8509 /* Pods_Scan_Swift.framework */; };
		4D1D743A251C406A001C30DF /* ScanImageManager.swift in Sources */ = {isa = PBXBuildFile; fileRef = 4D1D7439251C406A001C30DF /* ScanImageManager.swift */; };
		4D341380251C8E0C0076F106 /* ScanView.swift in Sources */ = {isa = PBXBuildFile; fileRef = 4D34137F251C8E0C0076F106 /* ScanView.swift */; };
		4D4B365C251B5958003D9498 /* ScanError.swift in Sources */ = {isa = PBXBuildFile; fileRef = 4D4B365A251B5958003D9498 /* ScanError.swift */; };
		4D4B365D251B5958003D9498 /* PermissionManager.swift in Sources */ = {isa = PBXBuildFile; fileRef = 4D4B365B251B5958003D9498 /* PermissionManager.swift */; };
		4D4B3660251B5974003D9498 /* ScanViewController.swift in Sources */ = {isa = PBXBuildFile; fileRef = 4D4B365F251B5974003D9498 /* ScanViewController.swift */; };
		4D4B3663251B5988003D9498 /* ScanManager.swift in Sources */ = {isa = PBXBuildFile; fileRef = 4D4B3662251B5988003D9498 /* ScanManager.swift */; };
		4D4B3666251B59E5003D9498 /* ScanResultModel.swift in Sources */ = {isa = PBXBuildFile; fileRef = 4D4B3665251B59E5003D9498 /* ScanResultModel.swift */; };
		4D4B366A251B5C02003D9498 /* ScanConfigure.swift in Sources */ = {isa = PBXBuildFile; fileRef = 4D4B3669251B5C02003D9498 /* ScanConfigure.swift */; };
		4D685331251DA493001FCA21 /* SSScanViewController.storyboard in Resources */ = {isa = PBXBuildFile; fileRef = 4D685330251DA493001FCA21 /* SSScanViewController.storyboard */; };
		4D685333251DA4A0001FCA21 /* SSScanViewController.swift in Sources */ = {isa = PBXBuildFile; fileRef = 4D685332251DA4A0001FCA21 /* SSScanViewController.swift */; };
		4D685335251DA4E3001FCA21 /* SSScanView.swift in Sources */ = {isa = PBXBuildFile; fileRef = 4D685334251DA4E3001FCA21 /* SSScanView.swift */; };
		4D685337251DA511001FCA21 /* SSScanToolBarView.swift in Sources */ = {isa = PBXBuildFile; fileRef = 4D685336251DA511001FCA21 /* SSScanToolBarView.swift */; };
		4D685339251DA51B001FCA21 /* SSScanToolBarView.xib in Resources */ = {isa = PBXBuildFile; fileRef = 4D685338251DA51B001FCA21 /* SSScanToolBarView.xib */; };
		4DD0ACF1251AF7F500D8B3CC /* AppDelegate.swift in Sources */ = {isa = PBXBuildFile; fileRef = 4DD0ACF0251AF7F500D8B3CC /* AppDelegate.swift */; };
		4DD0ACF5251AF7F500D8B3CC /* ViewController.swift in Sources */ = {isa = PBXBuildFile; fileRef = 4DD0ACF4251AF7F500D8B3CC /* ViewController.swift */; };
		4DD0ACF8251AF7F500D8B3CC /* Main.storyboard in Resources */ = {isa = PBXBuildFile; fileRef = 4DD0ACF6251AF7F500D8B3CC /* Main.storyboard */; };
		4DD0ACFA251AF7F600D8B3CC /* Assets.xcassets in Resources */ = {isa = PBXBuildFile; fileRef = 4DD0ACF9251AF7F600D8B3CC /* Assets.xcassets */; };
		4DD0ACFD251AF7F600D8B3CC /* LaunchScreen.storyboard in Resources */ = {isa = PBXBuildFile; fileRef = 4DD0ACFB251AF7F600D8B3CC /* LaunchScreen.storyboard */; };
/* End PBXBuildFile section */

/* Begin PBXFileReference section */
		4D1D7439251C406A001C30DF /* ScanImageManager.swift */ = {isa = PBXFileReference; lastKnownFileType = sourcecode.swift; path = ScanImageManager.swift; sourceTree = "<group>"; };
		4D34137F251C8E0C0076F106 /* ScanView.swift */ = {isa = PBXFileReference; lastKnownFileType = sourcecode.swift; path = ScanView.swift; sourceTree = "<group>"; };
		4D4B365A251B5958003D9498 /* ScanError.swift */ = {isa = PBXFileReference; fileEncoding = 4; lastKnownFileType = sourcecode.swift; path = ScanError.swift; sourceTree = "<group>"; };
		4D4B365B251B5958003D9498 /* PermissionManager.swift */ = {isa = PBXFileReference; fileEncoding = 4; lastKnownFileType = sourcecode.swift; path = PermissionManager.swift; sourceTree = "<group>"; };
		4D4B365F251B5974003D9498 /* ScanViewController.swift */ = {isa = PBXFileReference; lastKnownFileType = sourcecode.swift; path = ScanViewController.swift; sourceTree = "<group>"; };
		4D4B3662251B5988003D9498 /* ScanManager.swift */ = {isa = PBXFileReference; lastKnownFileType = sourcecode.swift; path = ScanManager.swift; sourceTree = "<group>"; };
		4D4B3665251B59E5003D9498 /* ScanResultModel.swift */ = {isa = PBXFileReference; lastKnownFileType = sourcecode.swift; path = ScanResultModel.swift; sourceTree = "<group>"; };
		4D4B3669251B5C02003D9498 /* ScanConfigure.swift */ = {isa = PBXFileReference; lastKnownFileType = sourcecode.swift; path = ScanConfigure.swift; sourceTree = "<group>"; };
		4D685330251DA493001FCA21 /* SSScanViewController.storyboard */ = {isa = PBXFileReference; lastKnownFileType = file.storyboard; path = SSScanViewController.storyboard; sourceTree = "<group>"; };
		4D685332251DA4A0001FCA21 /* SSScanViewController.swift */ = {isa = PBXFileReference; lastKnownFileType = sourcecode.swift; path = SSScanViewController.swift; sourceTree = "<group>"; };
		4D685334251DA4E3001FCA21 /* SSScanView.swift */ = {isa = PBXFileReference; lastKnownFileType = sourcecode.swift; path = SSScanView.swift; sourceTree = "<group>"; };
		4D685336251DA511001FCA21 /* SSScanToolBarView.swift */ = {isa = PBXFileReference; lastKnownFileType = sourcecode.swift; path = SSScanToolBarView.swift; sourceTree = "<group>"; };
		4D685338251DA51B001FCA21 /* SSScanToolBarView.xib */ = {isa = PBXFileReference; lastKnownFileType = file.xib; path = SSScanToolBarView.xib; sourceTree = "<group>"; };
		4DD0ACED251AF7F500D8B3CC /* Scan-Swift.app */ = {isa = PBXFileReference; explicitFileType = wrapper.application; includeInIndex = 0; path = "Scan-Swift.app"; sourceTree = BUILT_PRODUCTS_DIR; };
		4DD0ACF0251AF7F500D8B3CC /* AppDelegate.swift */ = {isa = PBXFileReference; lastKnownFileType = sourcecode.swift; path = AppDelegate.swift; sourceTree = "<group>"; };
		4DD0ACF4251AF7F500D8B3CC /* ViewController.swift */ = {isa = PBXFileReference; lastKnownFileType = sourcecode.swift; path = ViewController.swift; sourceTree = "<group>"; };
		4DD0ACF7251AF7F500D8B3CC /* Base */ = {isa = PBXFileReference; lastKnownFileType = file.storyboard; name = Base; path = Base.lproj/Main.storyboard; sourceTree = "<group>"; };
		4DD0ACF9251AF7F600D8B3CC /* Assets.xcassets */ = {isa = PBXFileReference; lastKnownFileType = folder.assetcatalog; path = Assets.xcassets; sourceTree = "<group>"; };
		4DD0ACFC251AF7F600D8B3CC /* Base */ = {isa = PBXFileReference; lastKnownFileType = file.storyboard; name = Base; path = Base.lproj/LaunchScreen.storyboard; sourceTree = "<group>"; };
		4DD0ACFE251AF7F600D8B3CC /* Info.plist */ = {isa = PBXFileReference; lastKnownFileType = text.plist.xml; path = Info.plist; sourceTree = "<group>"; };
		6294EADD0C7DB8256E6F8509 /* Pods_Scan_Swift.framework */ = {isa = PBXFileReference; explicitFileType = wrapper.framework; includeInIndex = 0; path = Pods_Scan_Swift.framework; sourceTree = BUILT_PRODUCTS_DIR; };
		C5CD774797AEC38E7978A1B5 /* Pods-Scan-Swift.release.xcconfig */ = {isa = PBXFileReference; includeInIndex = 1; lastKnownFileType = text.xcconfig; name = "Pods-Scan-Swift.release.xcconfig"; path = "Target Support Files/Pods-Scan-Swift/Pods-Scan-Swift.release.xcconfig"; sourceTree = "<group>"; };
		D378148352F3F27784CA7C78 /* Pods-Scan-Swift.debug.xcconfig */ = {isa = PBXFileReference; includeInIndex = 1; lastKnownFileType = text.xcconfig; name = "Pods-Scan-Swift.debug.xcconfig"; path = "Target Support Files/Pods-Scan-Swift/Pods-Scan-Swift.debug.xcconfig"; sourceTree = "<group>"; };
/* End PBXFileReference section */

/* Begin PBXFrameworksBuildPhase section */
		4DD0ACEA251AF7F500D8B3CC /* Frameworks */ = {
			isa = PBXFrameworksBuildPhase;
			buildActionMask = 2147483647;
			files = (
				40312855283E6C43D8579069 /* Pods_Scan_Swift.framework in Frameworks */,
			);
			runOnlyForDeploymentPostprocessing = 0;
		};
/* End PBXFrameworksBuildPhase section */

/* Begin PBXGroup section */
		39BC5A7AF594165C30CFF88A /* Pods */ = {
			isa = PBXGroup;
			children = (
				D378148352F3F27784CA7C78 /* Pods-Scan-Swift.debug.xcconfig */,
				C5CD774797AEC38E7978A1B5 /* Pods-Scan-Swift.release.xcconfig */,
			);
			path = Pods;
			sourceTree = "<group>";
		};
		4D4B3659251B5958003D9498 /* Source */ = {
			isa = PBXGroup;
			children = (
				4D4B365B251B5958003D9498 /* PermissionManager.swift */,
				4D4B3669251B5C02003D9498 /* ScanConfigure.swift */,
				4D4B365A251B5958003D9498 /* ScanError.swift */,
				4D1D7439251C406A001C30DF /* ScanImageManager.swift */,
				4D4B3662251B5988003D9498 /* ScanManager.swift */,
				4D4B3665251B59E5003D9498 /* ScanResultModel.swift */,
				4D34137F251C8E0C0076F106 /* ScanView.swift */,
				4D4B365F251B5974003D9498 /* ScanViewController.swift */,
			);
			name = Source;
			path = ../Source;
			sourceTree = "<group>";
		};
		4DD0ACE4251AF7F500D8B3CC = {
			isa = PBXGroup;
			children = (
				4D4B3659251B5958003D9498 /* Source */,
				4DD0ACEF251AF7F500D8B3CC /* Scan-Swift */,
				4DD0ACEE251AF7F500D8B3CC /* Products */,
				39BC5A7AF594165C30CFF88A /* Pods */,
				7E3AB28A129A8A4D2FFEA434 /* Frameworks */,
			);
			sourceTree = "<group>";
		};
		4DD0ACEE251AF7F500D8B3CC /* Products */ = {
			isa = PBXGroup;
			children = (
				4DD0ACED251AF7F500D8B3CC /* Scan-Swift.app */,
			);
			name = Products;
			sourceTree = "<group>";
		};
		4DD0ACEF251AF7F500D8B3CC /* Scan-Swift */ = {
			isa = PBXGroup;
			children = (
				4DD0ACF0251AF7F500D8B3CC /* AppDelegate.swift */,
				4DD0ACF9251AF7F600D8B3CC /* Assets.xcassets */,
				4DD0ACFE251AF7F600D8B3CC /* Info.plist */,
				4DD0ACFB251AF7F600D8B3CC /* LaunchScreen.storyboard */,
				4DD0ACF6251AF7F500D8B3CC /* Main.storyboard */,
				4D685336251DA511001FCA21 /* SSScanToolBarView.swift */,
				4D685338251DA51B001FCA21 /* SSScanToolBarView.xib */,
				4D685334251DA4E3001FCA21 /* SSScanView.swift */,
				4D685330251DA493001FCA21 /* SSScanViewController.storyboard */,
				4D685332251DA4A0001FCA21 /* SSScanViewController.swift */,
				4DD0ACF4251AF7F500D8B3CC /* ViewController.swift */,
			);
			path = "Scan-Swift";
			sourceTree = "<group>";
		};
		7E3AB28A129A8A4D2FFEA434 /* Frameworks */ = {
			isa = PBXGroup;
			children = (
				6294EADD0C7DB8256E6F8509 /* Pods_Scan_Swift.framework */,
			);
			name = Frameworks;
			sourceTree = "<group>";
		};
/* End PBXGroup section */

/* Begin PBXNativeTarget section */
		4DD0ACEC251AF7F500D8B3CC /* Scan-Swift */ = {
			isa = PBXNativeTarget;
			buildConfigurationList = 4DD0AD01251AF7F600D8B3CC /* Build configuration list for PBXNativeTarget "Scan-Swift" */;
			buildPhases = (
				3CD9D6DBB5AA8802AD1C2225 /* [CP] Check Pods Manifest.lock */,
				4DD0ACE9251AF7F500D8B3CC /* Sources */,
				4DD0ACEA251AF7F500D8B3CC /* Frameworks */,
				4DD0ACEB251AF7F500D8B3CC /* Resources */,
				085FB66C1DA111F90C692792 /* [CP] Embed Pods Frameworks */,
			);
			buildRules = (
			);
			dependencies = (
			);
			name = "Scan-Swift";
			productName = "Scan-Swift";
			productReference = 4DD0ACED251AF7F500D8B3CC /* Scan-Swift.app */;
			productType = "com.apple.product-type.application";
		};
/* End PBXNativeTarget section */

/* Begin PBXProject section */
		4DD0ACE5251AF7F500D8B3CC /* Project object */ = {
			isa = PBXProject;
			attributes = {
				LastSwiftUpdateCheck = 1200;
				LastUpgradeCheck = 1200;
				TargetAttributes = {
					4DD0ACEC251AF7F500D8B3CC = {
						CreatedOnToolsVersion = 12.0;
					};
				};
			};
			buildConfigurationList = 4DD0ACE8251AF7F500D8B3CC /* Build configuration list for PBXProject "Scan-Swift" */;
			compatibilityVersion = "Xcode 9.3";
			developmentRegion = en;
			hasScannedForEncodings = 0;
			knownRegions = (
				en,
				Base,
			);
			mainGroup = 4DD0ACE4251AF7F500D8B3CC;
			productRefGroup = 4DD0ACEE251AF7F500D8B3CC /* Products */;
			projectDirPath = "";
			projectRoot = "";
			targets = (
				4DD0ACEC251AF7F500D8B3CC /* Scan-Swift */,
			);
		};
/* End PBXProject section */

/* Begin PBXResourcesBuildPhase section */
		4DD0ACEB251AF7F500D8B3CC /* Resources */ = {
			isa = PBXResourcesBuildPhase;
			buildActionMask = 2147483647;
			files = (
				4D685331251DA493001FCA21 /* SSScanViewController.storyboard in Resources */,
				4DD0ACFD251AF7F600D8B3CC /* LaunchScreen.storyboard in Resources */,
				4DD0ACFA251AF7F600D8B3CC /* Assets.xcassets in Resources */,
				4D685339251DA51B001FCA21 /* SSScanToolBarView.xib in Resources */,
				4DD0ACF8251AF7F500D8B3CC /* Main.storyboard in Resources */,
			);
			runOnlyForDeploymentPostprocessing = 0;
		};
/* End PBXResourcesBuildPhase section */

/* Begin PBXShellScriptBuildPhase section */
		085FB66C1DA111F90C692792 /* [CP] Embed Pods Frameworks */ = {
			isa = PBXShellScriptBuildPhase;
			buildActionMask = 2147483647;
			files = (
			);
			inputFileListPaths = (
				"${PODS_ROOT}/Target Support Files/Pods-Scan-Swift/Pods-Scan-Swift-frameworks-${CONFIGURATION}-input-files.xcfilelist",
			);
			name = "[CP] Embed Pods Frameworks";
			outputFileListPaths = (
				"${PODS_ROOT}/Target Support Files/Pods-Scan-Swift/Pods-Scan-Swift-frameworks-${CONFIGURATION}-output-files.xcfilelist",
			);
			runOnlyForDeploymentPostprocessing = 0;
			shellPath = /bin/sh;
			shellScript = "\"${PODS_ROOT}/Target Support Files/Pods-Scan-Swift/Pods-Scan-Swift-frameworks.sh\"\n";
			showEnvVarsInLog = 0;
		};
		3CD9D6DBB5AA8802AD1C2225 /* [CP] Check Pods Manifest.lock */ = {
			isa = PBXShellScriptBuildPhase;
			buildActionMask = 2147483647;
			files = (
			);
			inputFileListPaths = (
			);
			inputPaths = (
				"${PODS_PODFILE_DIR_PATH}/Podfile.lock",
				"${PODS_ROOT}/Manifest.lock",
			);
			name = "[CP] Check Pods Manifest.lock";
			outputFileListPaths = (
			);
			outputPaths = (
				"$(DERIVED_FILE_DIR)/Pods-Scan-Swift-checkManifestLockResult.txt",
			);
			runOnlyForDeploymentPostprocessing = 0;
			shellPath = /bin/sh;
			shellScript = "diff \"${PODS_PODFILE_DIR_PATH}/Podfile.lock\" \"${PODS_ROOT}/Manifest.lock\" > /dev/null\nif [ $? != 0 ] ; then\n    # print error to STDERR\n    echo \"error: The sandbox is not in sync with the Podfile.lock. Run 'pod install' or update your CocoaPods installation.\" >&2\n    exit 1\nfi\n# This output is used by Xcode 'outputs' to avoid re-running this script phase.\necho \"SUCCESS\" > \"${SCRIPT_OUTPUT_FILE_0}\"\n";
			showEnvVarsInLog = 0;
		};
/* End PBXShellScriptBuildPhase section */

/* Begin PBXSourcesBuildPhase section */
		4DD0ACE9251AF7F500D8B3CC /* Sources */ = {
			isa = PBXSourcesBuildPhase;
			buildActionMask = 2147483647;
			files = (
				4DD0ACF5251AF7F500D8B3CC /* ViewController.swift in Sources */,
				4DD0ACF1251AF7F500D8B3CC /* AppDelegate.swift in Sources */,
				4D685337251DA511001FCA21 /* SSScanToolBarView.swift in Sources */,
				4D4B3666251B59E5003D9498 /* ScanResultModel.swift in Sources */,
				4D1D743A251C406A001C30DF /* ScanImageManager.swift in Sources */,
				4D4B3663251B5988003D9498 /* ScanManager.swift in Sources */,
				4D685335251DA4E3001FCA21 /* SSScanView.swift in Sources */,
				4D4B3660251B5974003D9498 /* ScanViewController.swift in Sources */,
				4D4B366A251B5C02003D9498 /* ScanConfigure.swift in Sources */,
				4D341380251C8E0C0076F106 /* ScanView.swift in Sources */,
				4D685333251DA4A0001FCA21 /* SSScanViewController.swift in Sources */,
				4D4B365D251B5958003D9498 /* PermissionManager.swift in Sources */,
				4D4B365C251B5958003D9498 /* ScanError.swift in Sources */,
			);
			runOnlyForDeploymentPostprocessing = 0;
		};
/* End PBXSourcesBuildPhase section */

/* Begin PBXVariantGroup section */
		4DD0ACF6251AF7F500D8B3CC /* Main.storyboard */ = {
			isa = PBXVariantGroup;
			children = (
				4DD0ACF7251AF7F500D8B3CC /* Base */,
			);
			name = Main.storyboard;
			sourceTree = "<group>";
		};
		4DD0ACFB251AF7F600D8B3CC /* LaunchScreen.storyboard */ = {
			isa = PBXVariantGroup;
			children = (
				4DD0ACFC251AF7F600D8B3CC /* Base */,
			);
			name = LaunchScreen.storyboard;
			sourceTree = "<group>";
		};
/* End PBXVariantGroup section */

/* Begin XCBuildConfiguration section */
		4DD0ACFF251AF7F600D8B3CC /* Debug */ = {
			isa = XCBuildConfiguration;
			buildSettings = {
				ALWAYS_SEARCH_USER_PATHS = NO;
				CLANG_ANALYZER_NONNULL = YES;
				CLANG_ANALYZER_NUMBER_OBJECT_CONVERSION = YES_AGGRESSIVE;
				CLANG_CXX_LANGUAGE_STANDARD = "gnu++14";
				CLANG_CXX_LIBRARY = "libc++";
				CLANG_ENABLE_MODULES = YES;
				CLANG_ENABLE_OBJC_ARC = YES;
				CLANG_ENABLE_OBJC_WEAK = YES;
				CLANG_WARN_BLOCK_CAPTURE_AUTORELEASING = YES;
				CLANG_WARN_BOOL_CONVERSION = YES;
				CLANG_WARN_COMMA = YES;
				CLANG_WARN_CONSTANT_CONVERSION = YES;
				CLANG_WARN_DEPRECATED_OBJC_IMPLEMENTATIONS = YES;
				CLANG_WARN_DIRECT_OBJC_ISA_USAGE = YES_ERROR;
				CLANG_WARN_DOCUMENTATION_COMMENTS = YES;
				CLANG_WARN_EMPTY_BODY = YES;
				CLANG_WARN_ENUM_CONVERSION = YES;
				CLANG_WARN_INFINITE_RECURSION = YES;
				CLANG_WARN_INT_CONVERSION = YES;
				CLANG_WARN_NON_LITERAL_NULL_CONVERSION = YES;
				CLANG_WARN_OBJC_IMPLICIT_RETAIN_SELF = YES;
				CLANG_WARN_OBJC_LITERAL_CONVERSION = YES;
				CLANG_WARN_OBJC_ROOT_CLASS = YES_ERROR;
				CLANG_WARN_QUOTED_INCLUDE_IN_FRAMEWORK_HEADER = YES;
				CLANG_WARN_RANGE_LOOP_ANALYSIS = YES;
				CLANG_WARN_STRICT_PROTOTYPES = YES;
				CLANG_WARN_SUSPICIOUS_MOVE = YES;
				CLANG_WARN_UNGUARDED_AVAILABILITY = YES_AGGRESSIVE;
				CLANG_WARN_UNREACHABLE_CODE = YES;
				CLANG_WARN__DUPLICATE_METHOD_MATCH = YES;
				COPY_PHASE_STRIP = NO;
				DEBUG_INFORMATION_FORMAT = dwarf;
				ENABLE_STRICT_OBJC_MSGSEND = YES;
				ENABLE_TESTABILITY = YES;
				GCC_C_LANGUAGE_STANDARD = gnu11;
				GCC_DYNAMIC_NO_PIC = NO;
				GCC_NO_COMMON_BLOCKS = YES;
				GCC_OPTIMIZATION_LEVEL = 0;
				GCC_PREPROCESSOR_DEFINITIONS = (
					"DEBUG=1",
					"$(inherited)",
				);
				GCC_WARN_64_TO_32_BIT_CONVERSION = YES;
				GCC_WARN_ABOUT_RETURN_TYPE = YES_ERROR;
				GCC_WARN_UNDECLARED_SELECTOR = YES;
				GCC_WARN_UNINITIALIZED_AUTOS = YES_AGGRESSIVE;
				GCC_WARN_UNUSED_FUNCTION = YES;
				GCC_WARN_UNUSED_VARIABLE = YES;
				IPHONEOS_DEPLOYMENT_TARGET = 14.0;
				MTL_ENABLE_DEBUG_INFO = INCLUDE_SOURCE;
				MTL_FAST_MATH = YES;
				ONLY_ACTIVE_ARCH = YES;
				SDKROOT = iphoneos;
				SWIFT_ACTIVE_COMPILATION_CONDITIONS = DEBUG;
				SWIFT_OPTIMIZATION_LEVEL = "-Onone";
			};
			name = Debug;
		};
		4DD0AD00251AF7F600D8B3CC /* Release */ = {
			isa = XCBuildConfiguration;
			buildSettings = {
				ALWAYS_SEARCH_USER_PATHS = NO;
				CLANG_ANALYZER_NONNULL = YES;
				CLANG_ANALYZER_NUMBER_OBJECT_CONVERSION = YES_AGGRESSIVE;
				CLANG_CXX_LANGUAGE_STANDARD = "gnu++14";
				CLANG_CXX_LIBRARY = "libc++";
				CLANG_ENABLE_MODULES = YES;
				CLANG_ENABLE_OBJC_ARC = YES;
				CLANG_ENABLE_OBJC_WEAK = YES;
				CLANG_WARN_BLOCK_CAPTURE_AUTORELEASING = YES;
				CLANG_WARN_BOOL_CONVERSION = YES;
				CLANG_WARN_COMMA = YES;
				CLANG_WARN_CONSTANT_CONVERSION = YES;
				CLANG_WARN_DEPRECATED_OBJC_IMPLEMENTATIONS = YES;
				CLANG_WARN_DIRECT_OBJC_ISA_USAGE = YES_ERROR;
				CLANG_WARN_DOCUMENTATION_COMMENTS = YES;
				CLANG_WARN_EMPTY_BODY = YES;
				CLANG_WARN_ENUM_CONVERSION = YES;
				CLANG_WARN_INFINITE_RECURSION = YES;
				CLANG_WARN_INT_CONVERSION = YES;
				CLANG_WARN_NON_LITERAL_NULL_CONVERSION = YES;
				CLANG_WARN_OBJC_IMPLICIT_RETAIN_SELF = YES;
				CLANG_WARN_OBJC_LITERAL_CONVERSION = YES;
				CLANG_WARN_OBJC_ROOT_CLASS = YES_ERROR;
				CLANG_WARN_QUOTED_INCLUDE_IN_FRAMEWORK_HEADER = YES;
				CLANG_WARN_RANGE_LOOP_ANALYSIS = YES;
				CLANG_WARN_STRICT_PROTOTYPES = YES;
				CLANG_WARN_SUSPICIOUS_MOVE = YES;
				CLANG_WARN_UNGUARDED_AVAILABILITY = YES_AGGRESSIVE;
				CLANG_WARN_UNREACHABLE_CODE = YES;
				CLANG_WARN__DUPLICATE_METHOD_MATCH = YES;
				COPY_PHASE_STRIP = NO;
				DEBUG_INFORMATION_FORMAT = "dwarf-with-dsym";
				ENABLE_NS_ASSERTIONS = NO;
				ENABLE_STRICT_OBJC_MSGSEND = YES;
				GCC_C_LANGUAGE_STANDARD = gnu11;
				GCC_NO_COMMON_BLOCKS = YES;
				GCC_WARN_64_TO_32_BIT_CONVERSION = YES;
				GCC_WARN_ABOUT_RETURN_TYPE = YES_ERROR;
				GCC_WARN_UNDECLARED_SELECTOR = YES;
				GCC_WARN_UNINITIALIZED_AUTOS = YES_AGGRESSIVE;
				GCC_WARN_UNUSED_FUNCTION = YES;
				GCC_WARN_UNUSED_VARIABLE = YES;
				IPHONEOS_DEPLOYMENT_TARGET = 14.0;
				MTL_ENABLE_DEBUG_INFO = NO;
				MTL_FAST_MATH = YES;
				SDKROOT = iphoneos;
				SWIFT_COMPILATION_MODE = wholemodule;
				SWIFT_OPTIMIZATION_LEVEL = "-O";
				VALIDATE_PRODUCT = YES;
			};
			name = Release;
		};
		4DD0AD02251AF7F600D8B3CC /* Debug */ = {
			isa = XCBuildConfiguration;
			baseConfigurationReference = D378148352F3F27784CA7C78 /* Pods-Scan-Swift.debug.xcconfig */;
			buildSettings = {
				ASSETCATALOG_COMPILER_APPICON_NAME = AppIcon;
				ASSETCATALOG_COMPILER_GLOBAL_ACCENT_COLOR_NAME = AccentColor;
				CODE_SIGN_STYLE = Automatic;
				DEVELOPMENT_TEAM = 8F2X776XLT;
				INFOPLIST_FILE = "Scan-Swift/Info.plist";
				IPHONEOS_DEPLOYMENT_TARGET = 10.0;
				LD_RUNPATH_SEARCH_PATHS = (
					"$(inherited)",
					"@executable_path/Frameworks",
				);
				PRODUCT_BUNDLE_IDENTIFIER = "com.scanSwift.cainluo.Scan-Swift";
				PRODUCT_NAME = "$(TARGET_NAME)";
				SWIFT_VERSION = 5.0;
				TARGETED_DEVICE_FAMILY = "1,2";
			};
			name = Debug;
		};
		4DD0AD03251AF7F600D8B3CC /* Release */ = {
			isa = XCBuildConfiguration;
			baseConfigurationReference = C5CD774797AEC38E7978A1B5 /* Pods-Scan-Swift.release.xcconfig */;
			buildSettings = {
				ASSETCATALOG_COMPILER_APPICON_NAME = AppIcon;
				ASSETCATALOG_COMPILER_GLOBAL_ACCENT_COLOR_NAME = AccentColor;
				CODE_SIGN_STYLE = Automatic;
				DEVELOPMENT_TEAM = 8F2X776XLT;
				INFOPLIST_FILE = "Scan-Swift/Info.plist";
				IPHONEOS_DEPLOYMENT_TARGET = 10.0;
				LD_RUNPATH_SEARCH_PATHS = (
					"$(inherited)",
					"@executable_path/Frameworks",
				);
				PRODUCT_BUNDLE_IDENTIFIER = "com.scanSwift.cainluo.Scan-Swift";
				PRODUCT_NAME = "$(TARGET_NAME)";
				SWIFT_VERSION = 5.0;
				TARGETED_DEVICE_FAMILY = "1,2";
			};
			name = Release;
		};
/* End XCBuildConfiguration section */

/* Begin XCConfigurationList section */
		4DD0ACE8251AF7F500D8B3CC /* Build configuration list for PBXProject "Scan-Swift" */ = {
			isa = XCConfigurationList;
			buildConfigurations = (
				4DD0ACFF251AF7F600D8B3CC /* Debug */,
				4DD0AD00251AF7F600D8B3CC /* Release */,
			);
			defaultConfigurationIsVisible = 0;
			defaultConfigurationName = Release;
		};
		4DD0AD01251AF7F600D8B3CC /* Build configuration list for PBXNativeTarget "Scan-Swift" */ = {
			isa = XCConfigurationList;
			buildConfigurations = (
				4DD0AD02251AF7F600D8B3CC /* Debug */,
				4DD0AD03251AF7F600D8B3CC /* Release */,
			);
			defaultConfigurationIsVisible = 0;
			defaultConfigurationName = Release;
		};
/* End XCConfigurationList section */
	};
	rootObject = 4DD0ACE5251AF7F500D8B3CC /* Project object */;
}
